// !$*UTF8*$!
{
	archiveVersion = 1;
	classes = {
	};
	objectVersion = 50;
	objects = {

/* Begin PBXBuildFile section */
		BA4D19DC237146AA0044B8BD /* AppDelegate.swift in Sources */ = {isa = PBXBuildFile; fileRef = BA4D19DB237146AA0044B8BD /* AppDelegate.swift */; };
		BA4D19DE237146AA0044B8BD /* View1.swift in Sources */ = {isa = PBXBuildFile; fileRef = BA4D19DD237146AA0044B8BD /* View1.swift */; };
		BA4D19E1237146AA0044B8BD /* Main.storyboard in Resources */ = {isa = PBXBuildFile; fileRef = BA4D19DF237146AA0044B8BD /* Main.storyboard */; };
		BA4D19E3237146AA0044B8BD /* Assets.xcassets in Resources */ = {isa = PBXBuildFile; fileRef = BA4D19E2237146AA0044B8BD /* Assets.xcassets */; };
		BA4D19E6237146AA0044B8BD /* LaunchScreen.storyboard in Resources */ = {isa = PBXBuildFile; fileRef = BA4D19E4237146AA0044B8BD /* LaunchScreen.storyboard */; };
		BA4D19EE237154610044B8BD /* View2.swift in Sources */ = {isa = PBXBuildFile; fileRef = BA4D19ED237154610044B8BD /* View2.swift */; };
		BA4D19F023715A9C0044B8BD /* View3.swift in Sources */ = {isa = PBXBuildFile; fileRef = BA4D19EF23715A9C0044B8BD /* View3.swift */; };
		BA4D19F2237161B40044B8BD /* View4.swift in Sources */ = {isa = PBXBuildFile; fileRef = BA4D19F1237161B40044B8BD /* View4.swift */; };
		BA4D19F4237163D30044B8BD /* StateData.swift in Sources */ = {isa = PBXBuildFile; fileRef = BA4D19F3237163D30044B8BD /* StateData.swift */; };
/* End PBXBuildFile section */

/* Begin PBXFileReference section */
		BA4D19D8237146AA0044B8BD /* Project 2.app */ = {isa = PBXFileReference; explicitFileType = wrapper.application; includeInIndex = 0; path = "Project 2.app"; sourceTree = BUILT_PRODUCTS_DIR; };
		BA4D19DB237146AA0044B8BD /* AppDelegate.swift */ = {isa = PBXFileReference; lastKnownFileType = sourcecode.swift; path = AppDelegate.swift; sourceTree = "<group>"; };
		BA4D19DD237146AA0044B8BD /* View1.swift */ = {isa = PBXFileReference; lastKnownFileType = sourcecode.swift; path = View1.swift; sourceTree = "<group>"; };
		BA4D19E0237146AA0044B8BD /* Base */ = {isa = PBXFileReference; lastKnownFileType = file.storyboard; name = Base; path = Base.lproj/Main.storyboard; sourceTree = "<group>"; };
		BA4D19E2237146AA0044B8BD /* Assets.xcassets */ = {isa = PBXFileReference; lastKnownFileType = folder.assetcatalog; path = Assets.xcassets; sourceTree = "<group>"; };
		BA4D19E5237146AA0044B8BD /* Base */ = {isa = PBXFileReference; lastKnownFileType = file.storyboard; name = Base; path = Base.lproj/LaunchScreen.storyboard; sourceTree = "<group>"; };
		BA4D19E7237146AA0044B8BD /* Info.plist */ = {isa = PBXFileReference; lastKnownFileType = text.plist.xml; path = Info.plist; sourceTree = "<group>"; };
		BA4D19ED237154610044B8BD /* View2.swift */ = {isa = PBXFileReference; lastKnownFileType = sourcecode.swift; path = View2.swift; sourceTree = "<group>"; };
		BA4D19EF23715A9C0044B8BD /* View3.swift */ = {isa = PBXFileReference; lastKnownFileType = sourcecode.swift; path = View3.swift; sourceTree = "<group>"; };
		BA4D19F1237161B40044B8BD /* View4.swift */ = {isa = PBXFileReference; lastKnownFileType = sourcecode.swift; path = View4.swift; sourceTree = "<group>"; };
		BA4D19F3237163D30044B8BD /* StateData.swift */ = {isa = PBXFileReference; lastKnownFileType = sourcecode.swift; path = StateData.swift; sourceTree = "<group>"; };
/* End PBXFileReference section */

/* Begin PBXFrameworksBuildPhase section */
		BA4D19D5237146AA0044B8BD /* Frameworks */ = {
			isa = PBXFrameworksBuildPhase;
			buildActionMask = 2147483647;
			files = (
			);
			runOnlyForDeploymentPostprocessing = 0;
		};
/* End PBXFrameworksBuildPhase section */

/* Begin PBXGroup section */
		BA4D19CF237146AA0044B8BD = {
			isa = PBXGroup;
			children = (
				BA4D19DA237146AA0044B8BD /* Project 2 */,
				BA4D19D9237146AA0044B8BD /* Products */,
			);
			sourceTree = "<group>";
		};
		BA4D19D9237146AA0044B8BD /* Products */ = {
			isa = PBXGroup;
			children = (
				BA4D19D8237146AA0044B8BD /* Project 2.app */,
			);
			name = Products;
			sourceTree = "<group>";
		};
		BA4D19DA237146AA0044B8BD /* Project 2 */ = {
			isa = PBXGroup;
			children = (
				BA4D19DB237146AA0044B8BD /* AppDelegate.swift */,
				BA4D19DD237146AA0044B8BD /* View1.swift */,
				BA4D19ED237154610044B8BD /* View2.swift */,
				BA4D19EF23715A9C0044B8BD /* View3.swift */,
				BA4D19F1237161B40044B8BD /* View4.swift */,
				BA4D19DF237146AA0044B8BD /* Main.storyboard */,
				BA4D19F3237163D30044B8BD /* StateData.swift */,
				BA4D19E2237146AA0044B8BD /* Assets.xcassets */,
				BA4D19E4237146AA0044B8BD /* LaunchScreen.storyboard */,
				BA4D19E7237146AA0044B8BD /* Info.plist */,
			);
			path = "Project 2";
			sourceTree = "<group>";
		};
/* End PBXGroup section */

/* Begin PBXNativeTarget section */
		BA4D19D7237146AA0044B8BD /* Project 2 */ = {
			isa = PBXNativeTarget;
			buildConfigurationList = BA4D19EA237146AA0044B8BD /* Build configuration list for PBXNativeTarget "Project 2" */;
			buildPhases = (
				BA4D19D4237146AA0044B8BD /* Sources */,
				BA4D19D5237146AA0044B8BD /* Frameworks */,
				BA4D19D6237146AA0044B8BD /* Resources */,
			);
			buildRules = (
			);
			dependencies = (
			);
			name = "Project 2";
			productName = "Project 2";
			productReference = BA4D19D8237146AA0044B8BD /* Project 2.app */;
			productType = "com.apple.product-type.application";
		};
/* End PBXNativeTarget section */

/* Begin PBXProject section */
		BA4D19D0237146AA0044B8BD /* Project object */ = {
			isa = PBXProject;
			attributes = {
				LastSwiftUpdateCheck = 1020;
				LastUpgradeCheck = 1020;
				ORGANIZATIONNAME = "Minh Ly";
				TargetAttributes = {
					BA4D19D7237146AA0044B8BD = {
						CreatedOnToolsVersion = 10.2.1;
					};
				};
			};
			buildConfigurationList = BA4D19D3237146AA0044B8BD /* Build configuration list for PBXProject "Project 2" */;
			compatibilityVersion = "Xcode 9.3";
			developmentRegion = en;
			hasScannedForEncodings = 0;
			knownRegions = (
				en,
				Base,
			);
			mainGroup = BA4D19CF237146AA0044B8BD;
			productRefGroup = BA4D19D9237146AA0044B8BD /* Products */;
			projectDirPath = "";
			projectRoot = "";
			targets = (
				BA4D19D7237146AA0044B8BD /* Project 2 */,
			);
		};
/* End PBXProject section */

/* Begin PBXResourcesBuildPhase section */
		BA4D19D6237146AA0044B8BD /* Resources */ = {
			isa = PBXResourcesBuildPhase;
			buildActionMask = 2147483647;
			files = (
				BA4D19E6237146AA0044B8BD /* LaunchScreen.storyboard in Resources */,
				BA4D19E3237146AA0044B8BD /* Assets.xcassets in Resources */,
				BA4D19E1237146AA0044B8BD /* Main.storyboard in Resources */,
			);
			runOnlyForDeploymentPostprocessing = 0;
		};
/* End PBXResourcesBuildPhase section */

/* Begin PBXSourcesBuildPhase section */
		BA4D19D4237146AA0044B8BD /* Sources */ = {
			isa = PBXSourcesBuildPhase;
			buildActionMask = 2147483647;
			files = (
				BA4D19F023715A9C0044B8BD /* View3.swift in Sources */,
				BA4D19DE237146AA0044B8BD /* View1.swift in Sources */,
				BA4D19F2237161B40044B8BD /* View4.swift in Sources */,
				BA4D19EE237154610044B8BD /* View2.swift in Sources */,
				BA4D19DC237146AA0044B8BD /* AppDelegate.swift in Sources */,
				BA4D19F4237163D30044B8BD /* StateData.swift in Sources */,
			);
			runOnlyForDeploymentPostprocessing = 0;
		};
/* End PBXSourcesBuildPhase section */

/* Begin PBXVariantGroup section */
		BA4D19DF237146AA0044B8BD /* Main.storyboard */ = {
			isa = PBXVariantGroup;
			children = (
				BA4D19E0237146AA0044B8BD /* Base */,
			);
			name = Main.storyboard;
			sourceTree = "<group>";
		};
		BA4D19E4237146AA0044B8BD /* LaunchScreen.storyboard */ = {
			isa = PBXVariantGroup;
			children = (
				BA4D19E5237146AA0044B8BD /* Base */,
			);
			name = LaunchScreen.storyboard;
			sourceTree = "<group>";
		};
/* End PBXVariantGroup section */

/* Begin XCBuildConfiguration section */
		BA4D19E8237146AA0044B8BD /* Debug */ = {
			isa = XCBuildConfiguration;
			buildSettings = {
				ALWAYS_SEARCH_USER_PATHS = NO;
				CLANG_ANALYZER_NONNULL = YES;
				CLANG_ANALYZER_NUMBER_OBJECT_CONVERSION = YES_AGGRESSIVE;
				CLANG_CXX_LANGUAGE_STANDARD = "gnu++14";
				CLANG_CXX_LIBRARY = "libc++";
				CLANG_ENABLE_MODULES = YES;
				CLANG_ENABLE_OBJC_ARC = YES;
				CLANG_ENABLE_OBJC_WEAK = YES;
				CLANG_WARN_BLOCK_CAPTURE_AUTORELEASING = YES;
				CLANG_WARN_BOOL_CONVERSION = YES;
				CLANG_WARN_COMMA = YES;
				CLANG_WARN_CONSTANT_CONVERSION = YES;
				CLANG_WARN_DEPRECATED_OBJC_IMPLEMENTATIONS = YES;
				CLANG_WARN_DIRECT_OBJC_ISA_USAGE = YES_ERROR;
				CLANG_WARN_DOCUMENTATION_COMMENTS = YES;
				CLANG_WARN_EMPTY_BODY = YES;
				CLANG_WARN_ENUM_CONVERSION = YES;
				CLANG_WARN_INFINITE_RECURSION = YES;
				CLANG_WARN_INT_CONVERSION = YES;
				CLANG_WARN_NON_LITERAL_NULL_CONVERSION = YES;
				CLANG_WARN_OBJC_IMPLICIT_RETAIN_SELF = YES;
				CLANG_WARN_OBJC_LITERAL_CONVERSION = YES;
				CLANG_WARN_OBJC_ROOT_CLASS = YES_ERROR;
				CLANG_WARN_RANGE_LOOP_ANALYSIS = YES;
				CLANG_WARN_STRICT_PROTOTYPES = YES;
				CLANG_WARN_SUSPICIOUS_MOVE = YES;
				CLANG_WARN_UNGUARDED_AVAILABILITY = YES_AGGRESSIVE;
				CLANG_WARN_UNREACHABLE_CODE = YES;
				CLANG_WARN__DUPLICATE_METHOD_MATCH = YES;
				CODE_SIGN_IDENTITY = "iPhone Developer";
				COPY_PHASE_STRIP = NO;
				DEBUG_INFORMATION_FORMAT = dwarf;
				ENABLE_STRICT_OBJC_MSGSEND = YES;
				ENABLE_TESTABILITY = YES;
				GCC_C_LANGUAGE_STANDARD = gnu11;
				GCC_DYNAMIC_NO_PIC = NO;
				GCC_NO_COMMON_BLOCKS = YES;
				GCC_OPTIMIZATION_LEVEL = 0;
				GCC_PREPROCESSOR_DEFINITIONS = (
					"DEBUG=1",
					"$(inherited)",
				);
				GCC_WARN_64_TO_32_BIT_CONVERSION = YES;
				GCC_WARN_ABOUT_RETURN_TYPE = YES_ERROR;
				GCC_WARN_UNDECLARED_SELECTOR = YES;
				GCC_WARN_UNINITIALIZED_AUTOS = YES_AGGRESSIVE;
				GCC_WARN_UNUSED_FUNCTION = YES;
				GCC_WARN_UNUSED_VARIABLE = YES;
				IPHONEOS_DEPLOYMENT_TARGET = 12.2;
				MTL_ENABLE_DEBUG_INFO = INCLUDE_SOURCE;
				MTL_FAST_MATH = YES;
				ONLY_ACTIVE_ARCH = YES;
				SDKROOT = iphoneos;
				SWIFT_ACTIVE_COMPILATION_CONDITIONS = DEBUG;
				SWIFT_OPTIMIZATION_LEVEL = "-Onone";
			};
			name = Debug;
		};
		BA4D19E9237146AA0044B8BD /* Release */ = {
			isa = XCBuildConfiguration;
			buildSettings = {
				ALWAYS_SEARCH_USER_PATHS = NO;
				CLANG_ANALYZER_NONNULL = YES;
				CLANG_ANALYZER_NUMBER_OBJECT_CONVERSION = YES_AGGRESSIVE;
				CLANG_CXX_LANGUAGE_STANDARD = "gnu++14";
				CLANG_CXX_LIBRARY = "libc++";
				CLANG_ENABLE_MODULES = YES;
				CLANG_ENABLE_OBJC_ARC = YES;
				CLANG_ENABLE_OBJC_WEAK = YES;
				CLANG_WARN_BLOCK_CAPTURE_AUTORELEASING = YES;
				CLANG_WARN_BOOL_CONVERSION = YES;
				CLANG_WARN_COMMA = YES;
				CLANG_WARN_CONSTANT_CONVERSION = YES;
				CLANG_WARN_DEPRECATED_OBJC_IMPLEMENTATIONS = YES;
				CLANG_WARN_DIRECT_OBJC_ISA_USAGE = YES_ERROR;
				CLANG_WARN_DOCUMENTATION_COMMENTS = YES;
				CLANG_WARN_EMPTY_BODY = YES;
				CLANG_WARN_ENUM_CONVERSION = YES;
				CLANG_WARN_INFINITE_RECURSION = YES;
				CLANG_WARN_INT_CONVERSION = YES;
				CLANG_WARN_NON_LITERAL_NULL_CONVERSION = YES;
				CLANG_WARN_OBJC_IMPLICIT_RETAIN_SELF = YES;
				CLANG_WARN_OBJC_LITERAL_CONVERSION = YES;
				CLANG_WARN_OBJC_ROOT_CLASS = YES_ERROR;
				CLANG_WARN_RANGE_LOOP_ANALYSIS = YES;
				CLANG_WARN_STRICT_PROTOTYPES = YES;
				CLANG_WARN_SUSPICIOUS_MOVE = YES;
				CLANG_WARN_UNGUARDED_AVAILABILITY = YES_AGGRESSIVE;
				CLANG_WARN_UNREACHABLE_CODE = YES;
				CLANG_WARN__DUPLICATE_METHOD_MATCH = YES;
				CODE_SIGN_IDENTITY = "iPhone Developer";
				COPY_PHASE_STRIP = NO;
				DEBUG_INFORMATION_FORMAT = "dwarf-with-dsym";
				ENABLE_NS_ASSERTIONS = NO;
				ENABLE_STRICT_OBJC_MSGSEND = YES;
				GCC_C_LANGUAGE_STANDARD = gnu11;
				GCC_NO_COMMON_BLOCKS = YES;
				GCC_WARN_64_TO_32_BIT_CONVERSION = YES;
				GCC_WARN_ABOUT_RETURN_TYPE = YES_ERROR;
				GCC_WARN_UNDECLARED_SELECTOR = YES;
				GCC_WARN_UNINITIALIZED_AUTOS = YES_AGGRESSIVE;
				GCC_WARN_UNUSED_FUNCTION = YES;
				GCC_WARN_UNUSED_VARIABLE = YES;
				IPHONEOS_DEPLOYMENT_TARGET = 12.2;
				MTL_ENABLE_DEBUG_INFO = NO;
				MTL_FAST_MATH = YES;
				SDKROOT = iphoneos;
				SWIFT_COMPILATION_MODE = wholemodule;
				SWIFT_OPTIMIZATION_LEVEL = "-O";
				VALIDATE_PRODUCT = YES;
			};
			name = Release;
		};
		BA4D19EB237146AA0044B8BD /* Debug */ = {
			isa = XCBuildConfiguration;
			buildSettings = {
				ASSETCATALOG_COMPILER_APPICON_NAME = AppIcon;
				CODE_SIGN_STYLE = Automatic;
				INFOPLIST_FILE = "Project 2/Info.plist";
				LD_RUNPATH_SEARCH_PATHS = (
					"$(inherited)",
					"@executable_path/Frameworks",
				);
				PRODUCT_BUNDLE_IDENTIFIER = "com.first.Project-2";
				PRODUCT_NAME = "$(TARGET_NAME)";
				SWIFT_VERSION = 5.0;
				TARGETED_DEVICE_FAMILY = "1,2";
			};
			name = Debug;
		};
		BA4D19EC237146AA0044B8BD /* Release */ = {
			isa = XCBuildConfiguration;
			buildSettings = {
				ASSETCATALOG_COMPILER_APPICON_NAME = AppIcon;
				CODE_SIGN_STYLE = Automatic;
				INFOPLIST_FILE = "Project 2/Info.plist";
				LD_RUNPATH_SEARCH_PATHS = (
					"$(inherited)",
					"@executable_path/Frameworks",
				);
				PRODUCT_BUNDLE_IDENTIFIER = "com.first.Project-2";
				PRODUCT_NAME = "$(TARGET_NAME)";
				SWIFT_VERSION = 5.0;
				TARGETED_DEVICE_FAMILY = "1,2";
			};
			name = Release;
		};
/* End XCBuildConfiguration section */

/* Begin XCConfigurationList section */
		BA4D19D3237146AA0044B8BD /* Build configuration list for PBXProject "Project 2" */ = {
			isa = XCConfigurationList;
			buildConfigurations = (
				BA4D19E8237146AA0044B8BD /* Debug */,
				BA4D19E9237146AA0044B8BD /* Release */,
			);
			defaultConfigurationIsVisible = 0;
			defaultConfigurationName = Release;
		};
		BA4D19EA237146AA0044B8BD /* Build configuration list for PBXNativeTarget "Project 2" */ = {
			isa = XCConfigurationList;
			buildConfigurations = (
				BA4D19EB237146AA0044B8BD /* Debug */,
				BA4D19EC237146AA0044B8BD /* Release */,
			);
			defaultConfigurationIsVisible = 0;
			defaultConfigurationName = Release;
		};
/* End XCConfigurationList section */
	};
	rootObject = BA4D19D0237146AA0044B8BD /* Project object */;
}
